PODS:
  - Alamofire (4.9.1)
  - Differentiator (4.0.1)
  - ReactorKit (2.0.0):
    - RxSwift (~> 5.0)
  - RxAlamofire (5.1.0):
    - RxAlamofire/Core (= 5.1.0)
  - RxAlamofire/Core (5.1.0):
    - Alamofire (~> 4.8)
    - RxSwift (~> 5.0)
  - RxAppState (1.6.0):
    - RxCocoa (~> 5.0)
    - RxSwift (~> 5.0)
  - RxCocoa (5.1.0):
    - RxRelay (~> 5)
    - RxSwift (~> 5)
  - RxDataSources (4.0.1):
    - Differentiator (~> 4.0)
    - RxCocoa (~> 5.0)
    - RxSwift (~> 5.0)
  - RxGesture (3.0.2):
    - RxCocoa (~> 5.1)
    - RxSwift (~> 5.1)
  - RxKeyboard (1.0.0):
    - RxCocoa (~> 5.0)
    - RxSwift (~> 5.0)
  - RxOptional (4.1.0):
    - RxCocoa (~> 5)
    - RxSwift (~> 5)
  - RxRelay (5.1.1):
    - RxSwift (~> 5)
  - RxSwift (5.1.0)
  - RxSwiftExt (5.2.0):
    - RxSwiftExt/Core (= 5.2.0)
    - RxSwiftExt/RxCocoa (= 5.2.0)
  - RxSwiftExt/Core (5.2.0):
    - RxSwift (~> 5.0)
  - RxSwiftExt/RxCocoa (5.2.0):
    - RxCocoa (~> 5.0)
    - RxSwiftExt/Core
  - RxWebKit (1.0.0):
    - RxCocoa (~> 5.0)
    - RxSwift (~> 5.0)

DEPENDENCIES:
  - ReactorKit (= 2.0.0)
  - RxAlamofire (= 5.1.0)
  - RxAppState
  - RxCocoa (= 5.1.0)
  - RxDataSources (= 4.0.1)
  - RxGesture
  - RxKeyboard (= 1.0.0)
  - RxOptional (= 4.1.0)
  - RxSwift (= 5.1.0)
  - RxSwiftExt (= 5.2.0)
  - RxWebKit (= 1.0.0)

SPEC REPOS:
  trunk:
    - Alamofire
    - Differentiator
    - ReactorKit
    - RxAlamofire
    - RxAppState
    - RxCocoa
    - RxDataSources
    - RxGesture
    - RxKeyboard
    - RxOptional
    - RxRelay
    - RxSwift
    - RxSwiftExt
    - RxWebKit

SPEC CHECKSUMS:
  Alamofire: 85e8a02c69d6020a0d734f6054870d7ecb75cf18
  Differentiator: 886080237d9f87f322641dedbc5be257061b0602
  ReactorKit: cbb2fab2d84f24b686a4252b26665f5fc91f77f3
  RxAlamofire: a2d7621de4c23a0c6e7b476b504acc32838ee341
  RxAppState: b633d7370970ecb80081912ea08a7bf3eb644b4e
  RxCocoa: 13d2a4d7546a34b8ececae8c281e4ea1dbb94f2b
  RxDataSources: efee07fa4de48477eca0a4611e6d11e2da9c1114
  RxGesture: d6bd7447ca3a596c7a9702a6a2b6a2bb5d8bae54
  RxKeyboard: 6683c4344304a00f943c158bd8a43ce5469c82a7
  RxOptional: b1fcd60856807a564c0215c2184b8d33e7826dc2
  RxRelay: d77f7d771495f43c556cbc43eebd1bb54d01e8e9
  RxSwift: ad5874f24bb0dbffd1e9bb8443604e3578796c7a
  RxSwiftExt: 4ca80336f43c28f11a2825cdd2fc61dd6c044697
  RxWebKit: 9ff7ea0780a093450defc7ff13e218678ebe6e4a

PODFILE CHECKSUM: 6b5a9cba0ffa5e35bf283ca5d707fa1bda4ea93b

COCOAPODS: 1.10.1
